// !$*UTF8*$!
{
	archiveVersion = 1;
	classes = {
	};
	objectVersion = 56;
	objects = {

/* Begin PBXBuildFile section */
		AE32E1272BB1236A00A984B6 /* AppDelegate.swift in Sources */ = {isa = PBXBuildFile; fileRef = AE32E1262BB1236A00A984B6 /* AppDelegate.swift */; };
		AE32E1292BB1236A00A984B6 /* SceneDelegate.swift in Sources */ = {isa = PBXBuildFile; fileRef = AE32E1282BB1236A00A984B6 /* SceneDelegate.swift */; };
		AE32E12B2BB1236A00A984B6 /* AMHomeViewController.swift in Sources */ = {isa = PBXBuildFile; fileRef = AE32E12A2BB1236A00A984B6 /* AMHomeViewController.swift */; };
		AE32E1302BB1236B00A984B6 /* Assets.xcassets in Resources */ = {isa = PBXBuildFile; fileRef = AE32E12F2BB1236B00A984B6 /* Assets.xcassets */; };
		AE32E1332BB1236B00A984B6 /* LaunchScreen.storyboard in Resources */ = {isa = PBXBuildFile; fileRef = AE32E1312BB1236B00A984B6 /* LaunchScreen.storyboard */; };
		AE32E13E2BB1236B00A984B6 /* BottomSheetStudyTests.swift in Sources */ = {isa = PBXBuildFile; fileRef = AE32E13D2BB1236B00A984B6 /* BottomSheetStudyTests.swift */; };
		AE32E1482BB1236B00A984B6 /* BottomSheetStudyUITests.swift in Sources */ = {isa = PBXBuildFile; fileRef = AE32E1472BB1236B00A984B6 /* BottomSheetStudyUITests.swift */; };
		AE32E14A2BB1236B00A984B6 /* BottomSheetStudyUITestsLaunchTests.swift in Sources */ = {isa = PBXBuildFile; fileRef = AE32E1492BB1236B00A984B6 /* BottomSheetStudyUITestsLaunchTests.swift */; };
		AEE2D9E32BB26F3700C8BFD8 /* AMHomeSheetControll.swift in Sources */ = {isa = PBXBuildFile; fileRef = AEE2D9E22BB26F3700C8BFD8 /* AMHomeSheetControll.swift */; };
		AEE2D9E92BB2CE8100C8BFD8 /* AMHomeContentSheetItemView.swift in Sources */ = {isa = PBXBuildFile; fileRef = AEE2D9E82BB2CE8100C8BFD8 /* AMHomeContentSheetItemView.swift */; };
/* End PBXBuildFile section */

/* Begin PBXContainerItemProxy section */
		AE32E13A2BB1236B00A984B6 /* PBXContainerItemProxy */ = {
			isa = PBXContainerItemProxy;
			containerPortal = AE32E11B2BB1236A00A984B6 /* Project object */;
			proxyType = 1;
			remoteGlobalIDString = AE32E1222BB1236A00A984B6;
			remoteInfo = BottomSheetStudy;
		};
		AE32E1442BB1236B00A984B6 /* PBXContainerItemProxy */ = {
			isa = PBXContainerItemProxy;
			containerPortal = AE32E11B2BB1236A00A984B6 /* Project object */;
			proxyType = 1;
			remoteGlobalIDString = AE32E1222BB1236A00A984B6;
			remoteInfo = BottomSheetStudy;
		};
/* End PBXContainerItemProxy section */

/* Begin PBXFileReference section */
		AE32E1232BB1236A00A984B6 /* BottomSheetStudy.app */ = {isa = PBXFileReference; explicitFileType = wrapper.application; includeInIndex = 0; path = BottomSheetStudy.app; sourceTree = BUILT_PRODUCTS_DIR; };
		AE32E1262BB1236A00A984B6 /* AppDelegate.swift */ = {isa = PBXFileReference; lastKnownFileType = sourcecode.swift; path = AppDelegate.swift; sourceTree = "<group>"; };
		AE32E1282BB1236A00A984B6 /* SceneDelegate.swift */ = {isa = PBXFileReference; lastKnownFileType = sourcecode.swift; path = SceneDelegate.swift; sourceTree = "<group>"; };
		AE32E12A2BB1236A00A984B6 /* AMHomeViewController.swift */ = {isa = PBXFileReference; lastKnownFileType = sourcecode.swift; path = AMHomeViewController.swift; sourceTree = "<group>"; };
		AE32E12F2BB1236B00A984B6 /* Assets.xcassets */ = {isa = PBXFileReference; lastKnownFileType = folder.assetcatalog; path = Assets.xcassets; sourceTree = "<group>"; };
		AE32E1322BB1236B00A984B6 /* Base */ = {isa = PBXFileReference; lastKnownFileType = file.storyboard; name = Base; path = Base.lproj/LaunchScreen.storyboard; sourceTree = "<group>"; };
		AE32E1342BB1236B00A984B6 /* Info.plist */ = {isa = PBXFileReference; lastKnownFileType = text.plist.xml; path = Info.plist; sourceTree = "<group>"; };
		AE32E1392BB1236B00A984B6 /* BottomSheetStudyTests.xctest */ = {isa = PBXFileReference; explicitFileType = wrapper.cfbundle; includeInIndex = 0; path = BottomSheetStudyTests.xctest; sourceTree = BUILT_PRODUCTS_DIR; };
		AE32E13D2BB1236B00A984B6 /* BottomSheetStudyTests.swift */ = {isa = PBXFileReference; lastKnownFileType = sourcecode.swift; path = BottomSheetStudyTests.swift; sourceTree = "<group>"; };
		AE32E1432BB1236B00A984B6 /* BottomSheetStudyUITests.xctest */ = {isa = PBXFileReference; explicitFileType = wrapper.cfbundle; includeInIndex = 0; path = BottomSheetStudyUITests.xctest; sourceTree = BUILT_PRODUCTS_DIR; };
		AE32E1472BB1236B00A984B6 /* BottomSheetStudyUITests.swift */ = {isa = PBXFileReference; lastKnownFileType = sourcecode.swift; path = BottomSheetStudyUITests.swift; sourceTree = "<group>"; };
		AE32E1492BB1236B00A984B6 /* BottomSheetStudyUITestsLaunchTests.swift */ = {isa = PBXFileReference; lastKnownFileType = sourcecode.swift; path = BottomSheetStudyUITestsLaunchTests.swift; sourceTree = "<group>"; };
		AEE2D9E22BB26F3700C8BFD8 /* AMHomeSheetControll.swift */ = {isa = PBXFileReference; lastKnownFileType = sourcecode.swift; path = AMHomeSheetControll.swift; sourceTree = "<group>"; };
		AEE2D9E82BB2CE8100C8BFD8 /* AMHomeContentSheetItemView.swift */ = {isa = PBXFileReference; lastKnownFileType = sourcecode.swift; path = AMHomeContentSheetItemView.swift; sourceTree = "<group>"; };
/* End PBXFileReference section */

/* Begin PBXFrameworksBuildPhase section */
		AE32E1202BB1236A00A984B6 /* Frameworks */ = {
			isa = PBXFrameworksBuildPhase;
			buildActionMask = 2147483647;
			files = (
			);
			runOnlyForDeploymentPostprocessing = 0;
		};
		AE32E1362BB1236B00A984B6 /* Frameworks */ = {
			isa = PBXFrameworksBuildPhase;
			buildActionMask = 2147483647;
			files = (
			);
			runOnlyForDeploymentPostprocessing = 0;
		};
		AE32E1402BB1236B00A984B6 /* Frameworks */ = {
			isa = PBXFrameworksBuildPhase;
			buildActionMask = 2147483647;
			files = (
			);
			runOnlyForDeploymentPostprocessing = 0;
		};
/* End PBXFrameworksBuildPhase section */

/* Begin PBXGroup section */
		AE32E11A2BB1236A00A984B6 = {
			isa = PBXGroup;
			children = (
				AE32E1252BB1236A00A984B6 /* BottomSheetStudy */,
				AE32E13C2BB1236B00A984B6 /* BottomSheetStudyTests */,
				AE32E1462BB1236B00A984B6 /* BottomSheetStudyUITests */,
				AE32E1242BB1236A00A984B6 /* Products */,
			);
			sourceTree = "<group>";
		};
		AE32E1242BB1236A00A984B6 /* Products */ = {
			isa = PBXGroup;
			children = (
				AE32E1232BB1236A00A984B6 /* BottomSheetStudy.app */,
				AE32E1392BB1236B00A984B6 /* BottomSheetStudyTests.xctest */,
				AE32E1432BB1236B00A984B6 /* BottomSheetStudyUITests.xctest */,
			);
			name = Products;
			sourceTree = "<group>";
		};
		AE32E1252BB1236A00A984B6 /* BottomSheetStudy */ = {
			isa = PBXGroup;
			children = (
				AE32E1262BB1236A00A984B6 /* AppDelegate.swift */,
				AE32E1282BB1236A00A984B6 /* SceneDelegate.swift */,
				AE32E12A2BB1236A00A984B6 /* AMHomeViewController.swift */,
				AEE2D9E22BB26F3700C8BFD8 /* AMHomeSheetControll.swift */,
				AEE2D9E82BB2CE8100C8BFD8 /* AMHomeContentSheetItemView.swift */,
				AE32E12F2BB1236B00A984B6 /* Assets.xcassets */,
				AE32E1312BB1236B00A984B6 /* LaunchScreen.storyboard */,
				AE32E1342BB1236B00A984B6 /* Info.plist */,
			);
			path = BottomSheetStudy;
			sourceTree = "<group>";
		};
		AE32E13C2BB1236B00A984B6 /* BottomSheetStudyTests */ = {
			isa = PBXGroup;
			children = (
				AE32E13D2BB1236B00A984B6 /* BottomSheetStudyTests.swift */,
			);
			path = BottomSheetStudyTests;
			sourceTree = "<group>";
		};
		AE32E1462BB1236B00A984B6 /* BottomSheetStudyUITests */ = {
			isa = PBXGroup;
			children = (
				AE32E1472BB1236B00A984B6 /* BottomSheetStudyUITests.swift */,
				AE32E1492BB1236B00A984B6 /* BottomSheetStudyUITestsLaunchTests.swift */,
			);
			path = BottomSheetStudyUITests;
			sourceTree = "<group>";
		};
/* End PBXGroup section */

/* Begin PBXNativeTarget section */
		AE32E1222BB1236A00A984B6 /* BottomSheetStudy */ = {
			isa = PBXNativeTarget;
			buildConfigurationList = AE32E14D2BB1236B00A984B6 /* Build configuration list for PBXNativeTarget "BottomSheetStudy" */;
			buildPhases = (
				AE32E11F2BB1236A00A984B6 /* Sources */,
				AE32E1202BB1236A00A984B6 /* Frameworks */,
				AE32E1212BB1236A00A984B6 /* Resources */,
			);
			buildRules = (
			);
			dependencies = (
			);
			name = BottomSheetStudy;
			productName = BottomSheetStudy;
			productReference = AE32E1232BB1236A00A984B6 /* BottomSheetStudy.app */;
			productType = "com.apple.product-type.application";
		};
		AE32E1382BB1236B00A984B6 /* BottomSheetStudyTests */ = {
			isa = PBXNativeTarget;
			buildConfigurationList = AE32E1502BB1236B00A984B6 /* Build configuration list for PBXNativeTarget "BottomSheetStudyTests" */;
			buildPhases = (
				AE32E1352BB1236B00A984B6 /* Sources */,
				AE32E1362BB1236B00A984B6 /* Frameworks */,
				AE32E1372BB1236B00A984B6 /* Resources */,
			);
			buildRules = (
			);
			dependencies = (
				AE32E13B2BB1236B00A984B6 /* PBXTargetDependency */,
			);
			name = BottomSheetStudyTests;
			productName = BottomSheetStudyTests;
			productReference = AE32E1392BB1236B00A984B6 /* BottomSheetStudyTests.xctest */;
			productType = "com.apple.product-type.bundle.unit-test";
		};
		AE32E1422BB1236B00A984B6 /* BottomSheetStudyUITests */ = {
			isa = PBXNativeTarget;
			buildConfigurationList = AE32E1532BB1236B00A984B6 /* Build configuration list for PBXNativeTarget "BottomSheetStudyUITests" */;
			buildPhases = (
				AE32E13F2BB1236B00A984B6 /* Sources */,
				AE32E1402BB1236B00A984B6 /* Frameworks */,
				AE32E1412BB1236B00A984B6 /* Resources */,
			);
			buildRules = (
			);
			dependencies = (
				AE32E1452BB1236B00A984B6 /* PBXTargetDependency */,
			);
			name = BottomSheetStudyUITests;
			productName = BottomSheetStudyUITests;
			productReference = AE32E1432BB1236B00A984B6 /* BottomSheetStudyUITests.xctest */;
			productType = "com.apple.product-type.bundle.ui-testing";
		};
/* End PBXNativeTarget section */

/* Begin PBXProject section */
		AE32E11B2BB1236A00A984B6 /* Project object */ = {
			isa = PBXProject;
			attributes = {
				BuildIndependentTargetsInParallel = 1;
				LastSwiftUpdateCheck = 1520;
				LastUpgradeCheck = 1520;
				TargetAttributes = {
					AE32E1222BB1236A00A984B6 = {
						CreatedOnToolsVersion = 15.2;
					};
					AE32E1382BB1236B00A984B6 = {
						CreatedOnToolsVersion = 15.2;
						TestTargetID = AE32E1222BB1236A00A984B6;
					};
					AE32E1422BB1236B00A984B6 = {
						CreatedOnToolsVersion = 15.2;
						TestTargetID = AE32E1222BB1236A00A984B6;
					};
				};
			};
			buildConfigurationList = AE32E11E2BB1236A00A984B6 /* Build configuration list for PBXProject "BottomSheetStudy" */;
			compatibilityVersion = "Xcode 14.0";
			developmentRegion = en;
			hasScannedForEncodings = 0;
			knownRegions = (
				en,
				Base,
			);
			mainGroup = AE32E11A2BB1236A00A984B6;
			productRefGroup = AE32E1242BB1236A00A984B6 /* Products */;
			projectDirPath = "";
			projectRoot = "";
			targets = (
				AE32E1222BB1236A00A984B6 /* BottomSheetStudy */,
				AE32E1382BB1236B00A984B6 /* BottomSheetStudyTests */,
				AE32E1422BB1236B00A984B6 /* BottomSheetStudyUITests */,
			);
		};
/* End PBXProject section */

/* Begin PBXResourcesBuildPhase section */
		AE32E1212BB1236A00A984B6 /* Resources */ = {
			isa = PBXResourcesBuildPhase;
			buildActionMask = 2147483647;
			files = (
				AE32E1332BB1236B00A984B6 /* LaunchScreen.storyboard in Resources */,
				AE32E1302BB1236B00A984B6 /* Assets.xcassets in Resources */,
			);
			runOnlyForDeploymentPostprocessing = 0;
		};
		AE32E1372BB1236B00A984B6 /* Resources */ = {
			isa = PBXResourcesBuildPhase;
			buildActionMask = 2147483647;
			files = (
			);
			runOnlyForDeploymentPostprocessing = 0;
		};
		AE32E1412BB1236B00A984B6 /* Resources */ = {
			isa = PBXResourcesBuildPhase;
			buildActionMask = 2147483647;
			files = (
			);
			runOnlyForDeploymentPostprocessing = 0;
		};
/* End PBXResourcesBuildPhase section */

/* Begin PBXSourcesBuildPhase section */
		AE32E11F2BB1236A00A984B6 /* Sources */ = {
			isa = PBXSourcesBuildPhase;
			buildActionMask = 2147483647;
			files = (
				AE32E12B2BB1236A00A984B6 /* AMHomeViewController.swift in Sources */,
				AEE2D9E32BB26F3700C8BFD8 /* AMHomeSheetControll.swift in Sources */,
				AEE2D9E92BB2CE8100C8BFD8 /* AMHomeContentSheetItemView.swift in Sources */,
				AE32E1272BB1236A00A984B6 /* AppDelegate.swift in Sources */,
				AE32E1292BB1236A00A984B6 /* SceneDelegate.swift in Sources */,
			);
			runOnlyForDeploymentPostprocessing = 0;
		};
		AE32E1352BB1236B00A984B6 /* Sources */ = {
			isa = PBXSourcesBuildPhase;
			buildActionMask = 2147483647;
			files = (
				AE32E13E2BB1236B00A984B6 /* BottomSheetStudyTests.swift in Sources */,
			);
			runOnlyForDeploymentPostprocessing = 0;
		};
		AE32E13F2BB1236B00A984B6 /* Sources */ = {
			isa = PBXSourcesBuildPhase;
			buildActionMask = 2147483647;
			files = (
				AE32E1482BB1236B00A984B6 /* BottomSheetStudyUITests.swift in Sources */,
				AE32E14A2BB1236B00A984B6 /* BottomSheetStudyUITestsLaunchTests.swift in Sources */,
			);
			runOnlyForDeploymentPostprocessing = 0;
		};
/* End PBXSourcesBuildPhase section */

/* Begin PBXTargetDependency section */
		AE32E13B2BB1236B00A984B6 /* PBXTargetDependency */ = {
			isa = PBXTargetDependency;
			target = AE32E1222BB1236A00A984B6 /* BottomSheetStudy */;
			targetProxy = AE32E13A2BB1236B00A984B6 /* PBXContainerItemProxy */;
		};
		AE32E1452BB1236B00A984B6 /* PBXTargetDependency */ = {
			isa = PBXTargetDependency;
			target = AE32E1222BB1236A00A984B6 /* BottomSheetStudy */;
			targetProxy = AE32E1442BB1236B00A984B6 /* PBXContainerItemProxy */;
		};
/* End PBXTargetDependency section */

/* Begin PBXVariantGroup section */
		AE32E1312BB1236B00A984B6 /* LaunchScreen.storyboard */ = {
			isa = PBXVariantGroup;
			children = (
				AE32E1322BB1236B00A984B6 /* Base */,
			);
			name = LaunchScreen.storyboard;
			sourceTree = "<group>";
		};
/* End PBXVariantGroup section */

/* Begin XCBuildConfiguration section */
		AE32E14B2BB1236B00A984B6 /* Debug */ = {
			isa = XCBuildConfiguration;
			buildSettings = {
				ALWAYS_SEARCH_USER_PATHS = NO;
				ASSETCATALOG_COMPILER_GENERATE_SWIFT_ASSET_SYMBOL_EXTENSIONS = YES;
				CLANG_ANALYZER_NONNULL = YES;
				CLANG_ANALYZER_NUMBER_OBJECT_CONVERSION = YES_AGGRESSIVE;
				CLANG_CXX_LANGUAGE_STANDARD = "gnu++20";
				CLANG_ENABLE_MODULES = YES;
				CLANG_ENABLE_OBJC_ARC = YES;
				CLANG_ENABLE_OBJC_WEAK = YES;
				CLANG_WARN_BLOCK_CAPTURE_AUTORELEASING = YES;
				CLANG_WARN_BOOL_CONVERSION = YES;
				CLANG_WARN_COMMA = YES;
				CLANG_WARN_CONSTANT_CONVERSION = YES;
				CLANG_WARN_DEPRECATED_OBJC_IMPLEMENTATIONS = YES;
				CLANG_WARN_DIRECT_OBJC_ISA_USAGE = YES_ERROR;
				CLANG_WARN_DOCUMENTATION_COMMENTS = YES;
				CLANG_WARN_EMPTY_BODY = YES;
				CLANG_WARN_ENUM_CONVERSION = YES;
				CLANG_WARN_INFINITE_RECURSION = YES;
				CLANG_WARN_INT_CONVERSION = YES;
				CLANG_WARN_NON_LITERAL_NULL_CONVERSION = YES;
				CLANG_WARN_OBJC_IMPLICIT_RETAIN_SELF = YES;
				CLANG_WARN_OBJC_LITERAL_CONVERSION = YES;
				CLANG_WARN_OBJC_ROOT_CLASS = YES_ERROR;
				CLANG_WARN_QUOTED_INCLUDE_IN_FRAMEWORK_HEADER = YES;
				CLANG_WARN_RANGE_LOOP_ANALYSIS = YES;
				CLANG_WARN_STRICT_PROTOTYPES = YES;
				CLANG_WARN_SUSPICIOUS_MOVE = YES;
				CLANG_WARN_UNGUARDED_AVAILABILITY = YES_AGGRESSIVE;
				CLANG_WARN_UNREACHABLE_CODE = YES;
				CLANG_WARN__DUPLICATE_METHOD_MATCH = YES;
				COPY_PHASE_STRIP = NO;
				DEBUG_INFORMATION_FORMAT = dwarf;
				ENABLE_STRICT_OBJC_MSGSEND = YES;
				ENABLE_TESTABILITY = YES;
				ENABLE_USER_SCRIPT_SANDBOXING = YES;
				GCC_C_LANGUAGE_STANDARD = gnu17;
				GCC_DYNAMIC_NO_PIC = NO;
				GCC_NO_COMMON_BLOCKS = YES;
				GCC_OPTIMIZATION_LEVEL = 0;
				GCC_PREPROCESSOR_DEFINITIONS = (
					"DEBUG=1",
					"$(inherited)",
				);
				GCC_WARN_64_TO_32_BIT_CONVERSION = YES;
				GCC_WARN_ABOUT_RETURN_TYPE = YES_ERROR;
				GCC_WARN_UNDECLARED_SELECTOR = YES;
				GCC_WARN_UNINITIALIZED_AUTOS = YES_AGGRESSIVE;
				GCC_WARN_UNUSED_FUNCTION = YES;
				GCC_WARN_UNUSED_VARIABLE = YES;
				IPHONEOS_DEPLOYMENT_TARGET = 17.2;
				LOCALIZATION_PREFERS_STRING_CATALOGS = YES;
				MTL_ENABLE_DEBUG_INFO = INCLUDE_SOURCE;
				MTL_FAST_MATH = YES;
				ONLY_ACTIVE_ARCH = YES;
				SDKROOT = iphoneos;
				SWIFT_ACTIVE_COMPILATION_CONDITIONS = "DEBUG $(inherited)";
				SWIFT_OPTIMIZATION_LEVEL = "-Onone";
			};
			name = Debug;
		};
		AE32E14C2BB1236B00A984B6 /* Release */ = {
			isa = XCBuildConfiguration;
			buildSettings = {
				ALWAYS_SEARCH_USER_PATHS = NO;
				ASSETCATALOG_COMPILER_GENERATE_SWIFT_ASSET_SYMBOL_EXTENSIONS = YES;
				CLANG_ANALYZER_NONNULL = YES;
				CLANG_ANALYZER_NUMBER_OBJECT_CONVERSION = YES_AGGRESSIVE;
				CLANG_CXX_LANGUAGE_STANDARD = "gnu++20";
				CLANG_ENABLE_MODULES = YES;
				CLANG_ENABLE_OBJC_ARC = YES;
				CLANG_ENABLE_OBJC_WEAK = YES;
				CLANG_WARN_BLOCK_CAPTURE_AUTORELEASING = YES;
				CLANG_WARN_BOOL_CONVERSION = YES;
				CLANG_WARN_COMMA = YES;
				CLANG_WARN_CONSTANT_CONVERSION = YES;
				CLANG_WARN_DEPRECATED_OBJC_IMPLEMENTATIONS = YES;
				CLANG_WARN_DIRECT_OBJC_ISA_USAGE = YES_ERROR;
				CLANG_WARN_DOCUMENTATION_COMMENTS = YES;
				CLANG_WARN_EMPTY_BODY = YES;
				CLANG_WARN_ENUM_CONVERSION = YES;
				CLANG_WARN_INFINITE_RECURSION = YES;
				CLANG_WARN_INT_CONVERSION = YES;
				CLANG_WARN_NON_LITERAL_NULL_CONVERSION = YES;
				CLANG_WARN_OBJC_IMPLICIT_RETAIN_SELF = YES;
				CLANG_WARN_OBJC_LITERAL_CONVERSION = YES;
				CLANG_WARN_OBJC_ROOT_CLASS = YES_ERROR;
				CLANG_WARN_QUOTED_INCLUDE_IN_FRAMEWORK_HEADER = YES;
				CLANG_WARN_RANGE_LOOP_ANALYSIS = YES;
				CLANG_WARN_STRICT_PROTOTYPES = YES;
				CLANG_WARN_SUSPICIOUS_MOVE = YES;
				CLANG_WARN_UNGUARDED_AVAILABILITY = YES_AGGRESSIVE;
				CLANG_WARN_UNREACHABLE_CODE = YES;
				CLANG_WARN__DUPLICATE_METHOD_MATCH = YES;
				COPY_PHASE_STRIP = NO;
				DEBUG_INFORMATION_FORMAT = "dwarf-with-dsym";
				ENABLE_NS_ASSERTIONS = NO;
				ENABLE_STRICT_OBJC_MSGSEND = YES;
				ENABLE_USER_SCRIPT_SANDBOXING = YES;
				GCC_C_LANGUAGE_STANDARD = gnu17;
				GCC_NO_COMMON_BLOCKS = YES;
				GCC_WARN_64_TO_32_BIT_CONVERSION = YES;
				GCC_WARN_ABOUT_RETURN_TYPE = YES_ERROR;
				GCC_WARN_UNDECLARED_SELECTOR = YES;
				GCC_WARN_UNINITIALIZED_AUTOS = YES_AGGRESSIVE;
				GCC_WARN_UNUSED_FUNCTION = YES;
				GCC_WARN_UNUSED_VARIABLE = YES;
				IPHONEOS_DEPLOYMENT_TARGET = 17.2;
				LOCALIZATION_PREFERS_STRING_CATALOGS = YES;
				MTL_ENABLE_DEBUG_INFO = NO;
				MTL_FAST_MATH = YES;
				SDKROOT = iphoneos;
				SWIFT_COMPILATION_MODE = wholemodule;
				VALIDATE_PRODUCT = YES;
			};
			name = Release;
		};
		AE32E14E2BB1236B00A984B6 /* Debug */ = {
			isa = XCBuildConfiguration;
			buildSettings = {
				ASSETCATALOG_COMPILER_APPICON_NAME = AppIcon;
				ASSETCATALOG_COMPILER_GLOBAL_ACCENT_COLOR_NAME = AccentColor;
				CODE_SIGN_STYLE = Automatic;
				CURRENT_PROJECT_VERSION = 1;
				DEVELOPMENT_TEAM = 42QF7Y2JLS;
				GENERATE_INFOPLIST_FILE = YES;
				INFOPLIST_FILE = BottomSheetStudy/Info.plist;
				INFOPLIST_KEY_UIApplicationSupportsIndirectInputEvents = YES;
				INFOPLIST_KEY_UILaunchStoryboardName = LaunchScreen;
				INFOPLIST_KEY_UISupportedInterfaceOrientations_iPad = "UIInterfaceOrientationPortrait UIInterfaceOrientationPortraitUpsideDown UIInterfaceOrientationLandscapeLeft UIInterfaceOrientationLandscapeRight";
				INFOPLIST_KEY_UISupportedInterfaceOrientations_iPhone = "UIInterfaceOrientationPortrait UIInterfaceOrientationLandscapeLeft UIInterfaceOrientationLandscapeRight";
				IPHONEOS_DEPLOYMENT_TARGET = 15.0;
				LD_RUNPATH_SEARCH_PATHS = (
					"$(inherited)",
					"@executable_path/Frameworks",
				);
				MARKETING_VERSION = 1.0;
				PRODUCT_BUNDLE_IDENTIFIER = study.BottomSheetStudy2;
				PRODUCT_NAME = "$(TARGET_NAME)";
				SWIFT_EMIT_LOC_STRINGS = YES;
				SWIFT_VERSION = 5.0;
				TARGETED_DEVICE_FAMILY = "1,2";
			};
			name = Debug;
		};
		AE32E14F2BB1236B00A984B6 /* Release */ = {
			isa = XCBuildConfiguration;
			buildSettings = {
				ASSETCATALOG_COMPILER_APPICON_NAME = AppIcon;
				ASSETCATALOG_COMPILER_GLOBAL_ACCENT_COLOR_NAME = AccentColor;
				CODE_SIGN_STYLE = Automatic;
				CURRENT_PROJECT_VERSION = 1;
				DEVELOPMENT_TEAM = 42QF7Y2JLS;
				GENERATE_INFOPLIST_FILE = YES;
				INFOPLIST_FILE = BottomSheetStudy/Info.plist;
				INFOPLIST_KEY_UIApplicationSupportsIndirectInputEvents = YES;
				INFOPLIST_KEY_UILaunchStoryboardName = LaunchScreen;
				INFOPLIST_KEY_UISupportedInterfaceOrientations_iPad = "UIInterfaceOrientationPortrait UIInterfaceOrientationPortraitUpsideDown UIInterfaceOrientationLandscapeLeft UIInterfaceOrientationLandscapeRight";
				INFOPLIST_KEY_UISupportedInterfaceOrientations_iPhone = "UIInterfaceOrientationPortrait UIInterfaceOrientationLandscapeLeft UIInterfaceOrientationLandscapeRight";
				IPHONEOS_DEPLOYMENT_TARGET = 15.0;
				LD_RUNPATH_SEARCH_PATHS = (
					"$(inherited)",
					"@executable_path/Frameworks",
				);
				MARKETING_VERSION = 1.0;
				PRODUCT_BUNDLE_IDENTIFIER = study.BottomSheetStudy2;
				PRODUCT_NAME = "$(TARGET_NAME)";
				SWIFT_EMIT_LOC_STRINGS = YES;
				SWIFT_VERSION = 5.0;
				TARGETED_DEVICE_FAMILY = "1,2";
			};
			name = Release;
		};
		AE32E1512BB1236B00A984B6 /* Debug */ = {
			isa = XCBuildConfiguration;
			buildSettings = {
				ALWAYS_EMBED_SWIFT_STANDARD_LIBRARIES = YES;
				BUNDLE_LOADER = "$(TEST_HOST)";
				CODE_SIGN_STYLE = Automatic;
				CURRENT_PROJECT_VERSION = 1;
				DEVELOPMENT_TEAM = URW3T94YDZ;
				GENERATE_INFOPLIST_FILE = YES;
				IPHONEOS_DEPLOYMENT_TARGET = 17.2;
				MARKETING_VERSION = 1.0;
				PRODUCT_BUNDLE_IDENTIFIER = study.BottomSheetStudyTests;
				PRODUCT_NAME = "$(TARGET_NAME)";
				SWIFT_EMIT_LOC_STRINGS = NO;
				SWIFT_VERSION = 5.0;
				TARGETED_DEVICE_FAMILY = "1,2";
				TEST_HOST = "$(BUILT_PRODUCTS_DIR)/BottomSheetStudy.app/$(BUNDLE_EXECUTABLE_FOLDER_PATH)/BottomSheetStudy";
			};
			name = Debug;
		};
		AE32E1522BB1236B00A984B6 /* Release */ = {
			isa = XCBuildConfiguration;
			buildSettings = {
				ALWAYS_EMBED_SWIFT_STANDARD_LIBRARIES = YES;
				BUNDLE_LOADER = "$(TEST_HOST)";
				CODE_SIGN_STYLE = Automatic;
				CURRENT_PROJECT_VERSION = 1;
				DEVELOPMENT_TEAM = URW3T94YDZ;
				GENERATE_INFOPLIST_FILE = YES;
				IPHONEOS_DEPLOYMENT_TARGET = 17.2;
				MARKETING_VERSION = 1.0;
				PRODUCT_BUNDLE_IDENTIFIER = study.BottomSheetStudyTests;
				PRODUCT_NAME = "$(TARGET_NAME)";
				SWIFT_EMIT_LOC_STRINGS = NO;
				SWIFT_VERSION = 5.0;
				TARGETED_DEVICE_FAMILY = "1,2";
				TEST_HOST = "$(BUILT_PRODUCTS_DIR)/BottomSheetStudy.app/$(BUNDLE_EXECUTABLE_FOLDER_PATH)/BottomSheetStudy";
			};
			name = Release;
		};
		AE32E1542BB1236B00A984B6 /* Debug */ = {
			isa = XCBuildConfiguration;
			buildSettings = {
				ALWAYS_EMBED_SWIFT_STANDARD_LIBRARIES = YES;
				CODE_SIGN_STYLE = Automatic;
				CURRENT_PROJECT_VERSION = 1;
				DEVELOPMENT_TEAM = URW3T94YDZ;
				GENERATE_INFOPLIST_FILE = YES;
				MARKETING_VERSION = 1.0;
				PRODUCT_BUNDLE_IDENTIFIER = study.BottomSheetStudyUITests;
				PRODUCT_NAME = "$(TARGET_NAME)";
				SWIFT_EMIT_LOC_STRINGS = NO;
				SWIFT_VERSION = 5.0;
				TARGETED_DEVICE_FAMILY = "1,2";
				TEST_TARGET_NAME = BottomSheetStudy;
			};
			name = Debug;
		};
		AE32E1552BB1236B00A984B6 /* Release */ = {
			isa = XCBuildConfiguration;
			buildSettings = {
				ALWAYS_EMBED_SWIFT_STANDARD_LIBRARIES = YES;
				CODE_SIGN_STYLE = Automatic;
				CURRENT_PROJECT_VERSION = 1;
				DEVELOPMENT_TEAM = URW3T94YDZ;
				GENERATE_INFOPLIST_FILE = YES;
				MARKETING_VERSION = 1.0;
				PRODUCT_BUNDLE_IDENTIFIER = study.BottomSheetStudyUITests;
				PRODUCT_NAME = "$(TARGET_NAME)";
				SWIFT_EMIT_LOC_STRINGS = NO;
				SWIFT_VERSION = 5.0;
				TARGETED_DEVICE_FAMILY = "1,2";
				TEST_TARGET_NAME = BottomSheetStudy;
			};
			name = Release;
		};
/* End XCBuildConfiguration section */

/* Begin XCConfigurationList section */
		AE32E11E2BB1236A00A984B6 /* Build configuration list for PBXProject "BottomSheetStudy" */ = {
			isa = XCConfigurationList;
			buildConfigurations = (
				AE32E14B2BB1236B00A984B6 /* Debug */,
				AE32E14C2BB1236B00A984B6 /* Release */,
			);
			defaultConfigurationIsVisible = 0;
			defaultConfigurationName = Release;
		};
		AE32E14D2BB1236B00A984B6 /* Build configuration list for PBXNativeTarget "BottomSheetStudy" */ = {
			isa = XCConfigurationList;
			buildConfigurations = (
				AE32E14E2BB1236B00A984B6 /* Debug */,
				AE32E14F2BB1236B00A984B6 /* Release */,
			);
			defaultConfigurationIsVisible = 0;
			defaultConfigurationName = Release;
		};
		AE32E1502BB1236B00A984B6 /* Build configuration list for PBXNativeTarget "BottomSheetStudyTests" */ = {
			isa = XCConfigurationList;
			buildConfigurations = (
				AE32E1512BB1236B00A984B6 /* Debug */,
				AE32E1522BB1236B00A984B6 /* Release */,
			);
			defaultConfigurationIsVisible = 0;
			defaultConfigurationName = Release;
		};
		AE32E1532BB1236B00A984B6 /* Build configuration list for PBXNativeTarget "BottomSheetStudyUITests" */ = {
			isa = XCConfigurationList;
			buildConfigurations = (
				AE32E1542BB1236B00A984B6 /* Debug */,
				AE32E1552BB1236B00A984B6 /* Release */,
			);
			defaultConfigurationIsVisible = 0;
			defaultConfigurationName = Release;
		};
/* End XCConfigurationList section */
	};
	rootObject = AE32E11B2BB1236A00A984B6 /* Project object */;
}
